
Microsoft Visual Studio Solution File, Format Version 12.00
# Visual Studio Version 17
VisualStudioVersion = 17.1.32421.90
MinimumVisualStudioVersion = 10.0.40219.1
Project("{FAE04EC0-301F-11D3-BF4B-00C04F79EFBC}") = "grupaDeStudenti", "grupaDeStudenti\grupaDeStudenti.csproj", "{DAD82315-F799-421A-A843-7F5D1769FBFF}"
EndProject
Global
	GlobalSection(SolutionConfigurationPlatforms) = preSolution
		Debug|Any CPU = Debug|Any CPU
		Release|Any CPU = Release|Any CPU
	EndGlobalSection
	GlobalSection(ProjectConfigurationPlatforms) = postSolution
		{DAD82315-F799-421A-A843-7F5D1769FBFF}.Debug|Any CPU.ActiveCfg = Debug|Any CPU
		{DAD82315-F799-421A-A843-7F5D1769FBFF}.Debug|Any CPU.Build.0 = Debug|Any CPU
		{DAD82315-F799-421A-A843-7F5D1769FBFF}.Release|Any CPU.ActiveCfg = Release|Any CPU
		{DAD82315-F799-421A-A843-7F5D1769FBFF}.Release|Any CPU.Build.0 = Release|Any CPU
	EndGlobalSection
	GlobalSection(SolutionProperties) = preSolution
		HideSolutionNode = FALSE
	EndGlobalSection
	GlobalSection(ExtensibilityGlobals) = postSolution
		SolutionGuid = {E0CF2A7A-AE8C-469A-AF57-6B177CE944D9}
	EndGlobalSection
EndGlobal
